// !$*UTF8*$!
{
	archiveVersion = 1;
	classes = {
	};
	objectVersion = 56;
	objects = {

/* Begin PBXBuildFile section */
		49CEC98A2AE15A4100313DBB /* CalenderView.swift in Sources */ = {isa = PBXBuildFile; fileRef = 49CEC9892AE15A4100313DBB /* CalenderView.swift */; };
		49CEC98C2AE15E8D00313DBB /* CalenderSeletor.swift in Sources */ = {isa = PBXBuildFile; fileRef = 49CEC98B2AE15E8D00313DBB /* CalenderSeletor.swift */; };
		49D602BC2AE8DF0900867C50 /* College.swift in Sources */ = {isa = PBXBuildFile; fileRef = 49D602BB2AE8DF0900867C50 /* College.swift */; };
		49D602BE2AE8DF1A00867C50 /* Group.swift in Sources */ = {isa = PBXBuildFile; fileRef = 49D602BD2AE8DF1A00867C50 /* Group.swift */; };
		49D602C02AE8DF2600867C50 /* Student.swift in Sources */ = {isa = PBXBuildFile; fileRef = 49D602BF2AE8DF2600867C50 /* Student.swift */; };
		49D602C32AE8E2C400867C50 /* ArrayExts.swift in Sources */ = {isa = PBXBuildFile; fileRef = 49D602C22AE8E2C400867C50 /* ArrayExts.swift */; };
		49FCCC882AE023DF00FF8E3D /* SoftwareDevelopHomeworkApp.swift in Sources */ = {isa = PBXBuildFile; fileRef = 49FCCC872AE023DF00FF8E3D /* SoftwareDevelopHomeworkApp.swift */; };
		49FCCC8A2AE023DF00FF8E3D /* ContentView.swift in Sources */ = {isa = PBXBuildFile; fileRef = 49FCCC892AE023DF00FF8E3D /* ContentView.swift */; };
		49FCCC8C2AE023E100FF8E3D /* Assets.xcassets in Resources */ = {isa = PBXBuildFile; fileRef = 49FCCC8B2AE023E100FF8E3D /* Assets.xcassets */; };
		49FCCC8F2AE023E100FF8E3D /* Preview Assets.xcassets in Resources */ = {isa = PBXBuildFile; fileRef = 49FCCC8E2AE023E100FF8E3D /* Preview Assets.xcassets */; };
		49FCCC9A2AE023E100FF8E3D /* SoftwareDevelopHomeworkTests.swift in Sources */ = {isa = PBXBuildFile; fileRef = 49FCCC992AE023E100FF8E3D /* SoftwareDevelopHomeworkTests.swift */; };
		49FCCCA42AE023E100FF8E3D /* SoftwareDevelopHomeworkUITests.swift in Sources */ = {isa = PBXBuildFile; fileRef = 49FCCCA32AE023E100FF8E3D /* SoftwareDevelopHomeworkUITests.swift */; };
		49FCCCA62AE023E100FF8E3D /* SoftwareDevelopHomeworkUITestsLaunchTests.swift in Sources */ = {isa = PBXBuildFile; fileRef = 49FCCCA52AE023E100FF8E3D /* SoftwareDevelopHomeworkUITestsLaunchTests.swift */; };
		49FCCCB42AE0258900FF8E3D /* CalendarUtil.swift in Sources */ = {isa = PBXBuildFile; fileRef = 49FCCCB32AE0258900FF8E3D /* CalendarUtil.swift */; };
/* End PBXBuildFile section */

/* Begin PBXContainerItemProxy section */
		49FCCC962AE023E100FF8E3D /* PBXContainerItemProxy */ = {
			isa = PBXContainerItemProxy;
			containerPortal = 49FCCC7C2AE023DF00FF8E3D /* Project object */;
			proxyType = 1;
			remoteGlobalIDString = 49FCCC832AE023DF00FF8E3D;
			remoteInfo = SoftwareDevelopHomework;
		};
		49FCCCA02AE023E100FF8E3D /* PBXContainerItemProxy */ = {
			isa = PBXContainerItemProxy;
			containerPortal = 49FCCC7C2AE023DF00FF8E3D /* Project object */;
			proxyType = 1;
			remoteGlobalIDString = 49FCCC832AE023DF00FF8E3D;
			remoteInfo = SoftwareDevelopHomework;
		};
/* End PBXContainerItemProxy section */

/* Begin PBXFileReference section */
		49CEC9892AE15A4100313DBB /* CalenderView.swift */ = {isa = PBXFileReference; lastKnownFileType = sourcecode.swift; path = CalenderView.swift; sourceTree = "<group>"; };
		49CEC98B2AE15E8D00313DBB /* CalenderSeletor.swift */ = {isa = PBXFileReference; lastKnownFileType = sourcecode.swift; path = CalenderSeletor.swift; sourceTree = "<group>"; };
		49D602BB2AE8DF0900867C50 /* College.swift */ = {isa = PBXFileReference; lastKnownFileType = sourcecode.swift; path = College.swift; sourceTree = "<group>"; };
		49D602BD2AE8DF1A00867C50 /* Group.swift */ = {isa = PBXFileReference; lastKnownFileType = sourcecode.swift; path = Group.swift; sourceTree = "<group>"; };
		49D602BF2AE8DF2600867C50 /* Student.swift */ = {isa = PBXFileReference; lastKnownFileType = sourcecode.swift; path = Student.swift; sourceTree = "<group>"; };
		49D602C22AE8E2C400867C50 /* ArrayExts.swift */ = {isa = PBXFileReference; lastKnownFileType = sourcecode.swift; path = ArrayExts.swift; sourceTree = "<group>"; };
		49D602C42AE8E68300867C50 /* README.md */ = {isa = PBXFileReference; fileEncoding = 4; lastKnownFileType = net.daringfireball.markdown; path = README.md; sourceTree = "<group>"; };
		49FCCC842AE023DF00FF8E3D /* SoftwareDevelopHomework.app */ = {isa = PBXFileReference; explicitFileType = wrapper.application; includeInIndex = 0; path = SoftwareDevelopHomework.app; sourceTree = BUILT_PRODUCTS_DIR; };
		49FCCC872AE023DF00FF8E3D /* SoftwareDevelopHomeworkApp.swift */ = {isa = PBXFileReference; lastKnownFileType = sourcecode.swift; path = SoftwareDevelopHomeworkApp.swift; sourceTree = "<group>"; };
		49FCCC892AE023DF00FF8E3D /* ContentView.swift */ = {isa = PBXFileReference; lastKnownFileType = sourcecode.swift; path = ContentView.swift; sourceTree = "<group>"; };
		49FCCC8B2AE023E100FF8E3D /* Assets.xcassets */ = {isa = PBXFileReference; lastKnownFileType = folder.assetcatalog; path = Assets.xcassets; sourceTree = "<group>"; };
		49FCCC8E2AE023E100FF8E3D /* Preview Assets.xcassets */ = {isa = PBXFileReference; lastKnownFileType = folder.assetcatalog; path = "Preview Assets.xcassets"; sourceTree = "<group>"; };
		49FCCC902AE023E100FF8E3D /* SoftwareDevelopHomework.entitlements */ = {isa = PBXFileReference; lastKnownFileType = text.plist.entitlements; path = SoftwareDevelopHomework.entitlements; sourceTree = "<group>"; };
		49FCCC952AE023E100FF8E3D /* SoftwareDevelopHomeworkTests.xctest */ = {isa = PBXFileReference; explicitFileType = wrapper.cfbundle; includeInIndex = 0; path = SoftwareDevelopHomeworkTests.xctest; sourceTree = BUILT_PRODUCTS_DIR; };
		49FCCC992AE023E100FF8E3D /* SoftwareDevelopHomeworkTests.swift */ = {isa = PBXFileReference; lastKnownFileType = sourcecode.swift; path = SoftwareDevelopHomeworkTests.swift; sourceTree = "<group>"; };
		49FCCC9F2AE023E100FF8E3D /* SoftwareDevelopHomeworkUITests.xctest */ = {isa = PBXFileReference; explicitFileType = wrapper.cfbundle; includeInIndex = 0; path = SoftwareDevelopHomeworkUITests.xctest; sourceTree = BUILT_PRODUCTS_DIR; };
		49FCCCA32AE023E100FF8E3D /* SoftwareDevelopHomeworkUITests.swift */ = {isa = PBXFileReference; lastKnownFileType = sourcecode.swift; path = SoftwareDevelopHomeworkUITests.swift; sourceTree = "<group>"; };
		49FCCCA52AE023E100FF8E3D /* SoftwareDevelopHomeworkUITestsLaunchTests.swift */ = {isa = PBXFileReference; lastKnownFileType = sourcecode.swift; path = SoftwareDevelopHomeworkUITestsLaunchTests.swift; sourceTree = "<group>"; };
		49FCCCB32AE0258900FF8E3D /* CalendarUtil.swift */ = {isa = PBXFileReference; lastKnownFileType = sourcecode.swift; path = CalendarUtil.swift; sourceTree = "<group>"; };
/* End PBXFileReference section */

/* Begin PBXFrameworksBuildPhase section */
		49FCCC812AE023DF00FF8E3D /* Frameworks */ = {
			isa = PBXFrameworksBuildPhase;
			buildActionMask = 2147483647;
			files = (
			);
			runOnlyForDeploymentPostprocessing = 0;
		};
		49FCCC922AE023E100FF8E3D /* Frameworks */ = {
			isa = PBXFrameworksBuildPhase;
			buildActionMask = 2147483647;
			files = (
			);
			runOnlyForDeploymentPostprocessing = 0;
		};
		49FCCC9C2AE023E100FF8E3D /* Frameworks */ = {
			isa = PBXFrameworksBuildPhase;
			buildActionMask = 2147483647;
			files = (
			);
			runOnlyForDeploymentPostprocessing = 0;
		};
/* End PBXFrameworksBuildPhase section */

/* Begin PBXGroup section */
		49123D232AE937FB00425E70 /* Entity */ = {
			isa = PBXGroup;
			children = (
			);
			path = Entity;
			sourceTree = "<group>";
		};
		49D602BA2AE8DEF800867C50 /* College */ = {
			isa = PBXGroup;
			children = (
				49D602BB2AE8DF0900867C50 /* College.swift */,
				49D602BD2AE8DF1A00867C50 /* Group.swift */,
				49D602BF2AE8DF2600867C50 /* Student.swift */,
			);
			path = College;
			sourceTree = "<group>";
		};
		49D602C12AE8E2B400867C50 /* Util */ = {
			isa = PBXGroup;
			children = (
				49D602C22AE8E2C400867C50 /* ArrayExts.swift */,
			);
			path = Util;
			sourceTree = "<group>";
		};
		49D602C72AE8E72A00867C50 /* View */ = {
			isa = PBXGroup;
			children = (
			);
			path = View;
			sourceTree = "<group>";
		};
		49FCCC7B2AE023DF00FF8E3D = {
			isa = PBXGroup;
			children = (
				49D602C42AE8E68300867C50 /* README.md */,
				49FCCC862AE023DF00FF8E3D /* SoftwareDevelopHomework */,
				49FCCC982AE023E100FF8E3D /* SoftwareDevelopHomeworkTests */,
				49FCCCA22AE023E100FF8E3D /* SoftwareDevelopHomeworkUITests */,
				49FCCC852AE023DF00FF8E3D /* Products */,
			);
			sourceTree = "<group>";
		};
		49FCCC852AE023DF00FF8E3D /* Products */ = {
			isa = PBXGroup;
			children = (
				49FCCC842AE023DF00FF8E3D /* SoftwareDevelopHomework.app */,
				49FCCC952AE023E100FF8E3D /* SoftwareDevelopHomeworkTests.xctest */,
				49FCCC9F2AE023E100FF8E3D /* SoftwareDevelopHomeworkUITests.xctest */,
			);
			name = Products;
			sourceTree = "<group>";
		};
		49FCCC862AE023DF00FF8E3D /* SoftwareDevelopHomework */ = {
			isa = PBXGroup;
			children = (
				49123D232AE937FB00425E70 /* Entity */,
				49D602C72AE8E72A00867C50 /* View */,
				49D602C12AE8E2B400867C50 /* Util */,
				49D602BA2AE8DEF800867C50 /* College */,
				49FCCCB22AE0257900FF8E3D /* Calendar */,
				49FCCC872AE023DF00FF8E3D /* SoftwareDevelopHomeworkApp.swift */,
				49FCCC892AE023DF00FF8E3D /* ContentView.swift */,
				49FCCC8B2AE023E100FF8E3D /* Assets.xcassets */,
				49FCCC902AE023E100FF8E3D /* SoftwareDevelopHomework.entitlements */,
				49FCCC8D2AE023E100FF8E3D /* Preview Content */,
			);
			path = SoftwareDevelopHomework;
			sourceTree = "<group>";
		};
		49FCCC8D2AE023E100FF8E3D /* Preview Content */ = {
			isa = PBXGroup;
			children = (
				49FCCC8E2AE023E100FF8E3D /* Preview Assets.xcassets */,
			);
			path = "Preview Content";
			sourceTree = "<group>";
		};
		49FCCC982AE023E100FF8E3D /* SoftwareDevelopHomeworkTests */ = {
			isa = PBXGroup;
			children = (
				49FCCC992AE023E100FF8E3D /* SoftwareDevelopHomeworkTests.swift */,
			);
			path = SoftwareDevelopHomeworkTests;
			sourceTree = "<group>";
		};
		49FCCCA22AE023E100FF8E3D /* SoftwareDevelopHomeworkUITests */ = {
			isa = PBXGroup;
			children = (
				49FCCCA32AE023E100FF8E3D /* SoftwareDevelopHomeworkUITests.swift */,
				49FCCCA52AE023E100FF8E3D /* SoftwareDevelopHomeworkUITestsLaunchTests.swift */,
			);
			path = SoftwareDevelopHomeworkUITests;
			sourceTree = "<group>";
		};
		49FCCCB22AE0257900FF8E3D /* Calendar */ = {
			isa = PBXGroup;
			children = (
				49FCCCB32AE0258900FF8E3D /* CalendarUtil.swift */,
				49CEC9892AE15A4100313DBB /* CalenderView.swift */,
				49CEC98B2AE15E8D00313DBB /* CalenderSeletor.swift */,
			);
			path = Calendar;
			sourceTree = "<group>";
		};
/* End PBXGroup section */

/* Begin PBXNativeTarget section */
		49FCCC832AE023DF00FF8E3D /* SoftwareDevelopHomework */ = {
			isa = PBXNativeTarget;
			buildConfigurationList = 49FCCCA92AE023E100FF8E3D /* Build configuration list for PBXNativeTarget "SoftwareDevelopHomework" */;
			buildPhases = (
				49FCCC802AE023DF00FF8E3D /* Sources */,
				49FCCC812AE023DF00FF8E3D /* Frameworks */,
				49FCCC822AE023DF00FF8E3D /* Resources */,
			);
			buildRules = (
			);
			dependencies = (
			);
			name = SoftwareDevelopHomework;
			productName = SoftwareDevelopHomework;
			productReference = 49FCCC842AE023DF00FF8E3D /* SoftwareDevelopHomework.app */;
			productType = "com.apple.product-type.application";
		};
		49FCCC942AE023E100FF8E3D /* SoftwareDevelopHomeworkTests */ = {
			isa = PBXNativeTarget;
			buildConfigurationList = 49FCCCAC2AE023E100FF8E3D /* Build configuration list for PBXNativeTarget "SoftwareDevelopHomeworkTests" */;
			buildPhases = (
				49FCCC912AE023E100FF8E3D /* Sources */,
				49FCCC922AE023E100FF8E3D /* Frameworks */,
				49FCCC932AE023E100FF8E3D /* Resources */,
			);
			buildRules = (
			);
			dependencies = (
				49FCCC972AE023E100FF8E3D /* PBXTargetDependency */,
			);
			name = SoftwareDevelopHomeworkTests;
			productName = SoftwareDevelopHomeworkTests;
			productReference = 49FCCC952AE023E100FF8E3D /* SoftwareDevelopHomeworkTests.xctest */;
			productType = "com.apple.product-type.bundle.unit-test";
		};
		49FCCC9E2AE023E100FF8E3D /* SoftwareDevelopHomeworkUITests */ = {
			isa = PBXNativeTarget;
			buildConfigurationList = 49FCCCAF2AE023E100FF8E3D /* Build configuration list for PBXNativeTarget "SoftwareDevelopHomeworkUITests" */;
			buildPhases = (
				49FCCC9B2AE023E100FF8E3D /* Sources */,
				49FCCC9C2AE023E100FF8E3D /* Frameworks */,
				49FCCC9D2AE023E100FF8E3D /* Resources */,
			);
			buildRules = (
			);
			dependencies = (
				49FCCCA12AE023E100FF8E3D /* PBXTargetDependency */,
			);
			name = SoftwareDevelopHomeworkUITests;
			productName = SoftwareDevelopHomeworkUITests;
			productReference = 49FCCC9F2AE023E100FF8E3D /* SoftwareDevelopHomeworkUITests.xctest */;
			productType = "com.apple.product-type.bundle.ui-testing";
		};
/* End PBXNativeTarget section */

/* Begin PBXProject section */
		49FCCC7C2AE023DF00FF8E3D /* Project object */ = {
			isa = PBXProject;
			attributes = {
				BuildIndependentTargetsInParallel = 1;
				LastSwiftUpdateCheck = 1500;
				LastUpgradeCheck = 1500;
				TargetAttributes = {
					49FCCC832AE023DF00FF8E3D = {
						CreatedOnToolsVersion = 15.0;
					};
					49FCCC942AE023E100FF8E3D = {
						CreatedOnToolsVersion = 15.0;
						TestTargetID = 49FCCC832AE023DF00FF8E3D;
					};
					49FCCC9E2AE023E100FF8E3D = {
						CreatedOnToolsVersion = 15.0;
						TestTargetID = 49FCCC832AE023DF00FF8E3D;
					};
				};
			};
			buildConfigurationList = 49FCCC7F2AE023DF00FF8E3D /* Build configuration list for PBXProject "SoftwareDevelopHomework" */;
			compatibilityVersion = "Xcode 14.0";
			developmentRegion = en;
			hasScannedForEncodings = 0;
			knownRegions = (
				en,
				Base,
			);
			mainGroup = 49FCCC7B2AE023DF00FF8E3D;
			productRefGroup = 49FCCC852AE023DF00FF8E3D /* Products */;
			projectDirPath = "";
			projectRoot = "";
			targets = (
				49FCCC832AE023DF00FF8E3D /* SoftwareDevelopHomework */,
				49FCCC942AE023E100FF8E3D /* SoftwareDevelopHomeworkTests */,
				49FCCC9E2AE023E100FF8E3D /* SoftwareDevelopHomeworkUITests */,
			);
		};
/* End PBXProject section */

/* Begin PBXResourcesBuildPhase section */
		49FCCC822AE023DF00FF8E3D /* Resources */ = {
			isa = PBXResourcesBuildPhase;
			buildActionMask = 2147483647;
			files = (
				49FCCC8F2AE023E100FF8E3D /* Preview Assets.xcassets in Resources */,
				49FCCC8C2AE023E100FF8E3D /* Assets.xcassets in Resources */,
			);
			runOnlyForDeploymentPostprocessing = 0;
		};
		49FCCC932AE023E100FF8E3D /* Resources */ = {
			isa = PBXResourcesBuildPhase;
			buildActionMask = 2147483647;
			files = (
			);
			runOnlyForDeploymentPostprocessing = 0;
		};
		49FCCC9D2AE023E100FF8E3D /* Resources */ = {
			isa = PBXResourcesBuildPhase;
			buildActionMask = 2147483647;
			files = (
			);
			runOnlyForDeploymentPostprocessing = 0;
		};
/* End PBXResourcesBuildPhase section */

/* Begin PBXSourcesBuildPhase section */
		49FCCC802AE023DF00FF8E3D /* Sources */ = {
			isa = PBXSourcesBuildPhase;
			buildActionMask = 2147483647;
			files = (
				49D602BE2AE8DF1A00867C50 /* Group.swift in Sources */,
				49FCCC8A2AE023DF00FF8E3D /* ContentView.swift in Sources */,
				49FCCC882AE023DF00FF8E3D /* SoftwareDevelopHomeworkApp.swift in Sources */,
				49CEC98C2AE15E8D00313DBB /* CalenderSeletor.swift in Sources */,
				49CEC98A2AE15A4100313DBB /* CalenderView.swift in Sources */,
				49D602C32AE8E2C400867C50 /* ArrayExts.swift in Sources */,
				49FCCCB42AE0258900FF8E3D /* CalendarUtil.swift in Sources */,
				49D602BC2AE8DF0900867C50 /* College.swift in Sources */,
				49D602C02AE8DF2600867C50 /* Student.swift in Sources */,
			);
			runOnlyForDeploymentPostprocessing = 0;
		};
		49FCCC912AE023E100FF8E3D /* Sources */ = {
			isa = PBXSourcesBuildPhase;
			buildActionMask = 2147483647;
			files = (
				49FCCC9A2AE023E100FF8E3D /* SoftwareDevelopHomeworkTests.swift in Sources */,
			);
			runOnlyForDeploymentPostprocessing = 0;
		};
		49FCCC9B2AE023E100FF8E3D /* Sources */ = {
			isa = PBXSourcesBuildPhase;
			buildActionMask = 2147483647;
			files = (
				49FCCCA42AE023E100FF8E3D /* SoftwareDevelopHomeworkUITests.swift in Sources */,
				49FCCCA62AE023E100FF8E3D /* SoftwareDevelopHomeworkUITestsLaunchTests.swift in Sources */,
			);
			runOnlyForDeploymentPostprocessing = 0;
		};
/* End PBXSourcesBuildPhase section */

/* Begin PBXTargetDependency section */
		49FCCC972AE023E100FF8E3D /* PBXTargetDependency */ = {
			isa = PBXTargetDependency;
			target = 49FCCC832AE023DF00FF8E3D /* SoftwareDevelopHomework */;
			targetProxy = 49FCCC962AE023E100FF8E3D /* PBXContainerItemProxy */;
		};
		49FCCCA12AE023E100FF8E3D /* PBXTargetDependency */ = {
			isa = PBXTargetDependency;
			target = 49FCCC832AE023DF00FF8E3D /* SoftwareDevelopHomework */;
			targetProxy = 49FCCCA02AE023E100FF8E3D /* PBXContainerItemProxy */;
		};
/* End PBXTargetDependency section */

/* Begin XCBuildConfiguration section */
		49FCCCA72AE023E100FF8E3D /* Debug */ = {
			isa = XCBuildConfiguration;
			buildSettings = {
				ALWAYS_SEARCH_USER_PATHS = NO;
				ASSETCATALOG_COMPILER_GENERATE_SWIFT_ASSET_SYMBOL_EXTENSIONS = YES;
				CLANG_ANALYZER_NONNULL = YES;
				CLANG_ANALYZER_NUMBER_OBJECT_CONVERSION = YES_AGGRESSIVE;
				CLANG_CXX_LANGUAGE_STANDARD = "gnu++20";
				CLANG_ENABLE_MODULES = YES;
				CLANG_ENABLE_OBJC_ARC = YES;
				CLANG_ENABLE_OBJC_WEAK = YES;
				CLANG_WARN_BLOCK_CAPTURE_AUTORELEASING = YES;
				CLANG_WARN_BOOL_CONVERSION = YES;
				CLANG_WARN_COMMA = YES;
				CLANG_WARN_CONSTANT_CONVERSION = YES;
				CLANG_WARN_DEPRECATED_OBJC_IMPLEMENTATIONS = YES;
				CLANG_WARN_DIRECT_OBJC_ISA_USAGE = YES_ERROR;
				CLANG_WARN_DOCUMENTATION_COMMENTS = YES;
				CLANG_WARN_EMPTY_BODY = YES;
				CLANG_WARN_ENUM_CONVERSION = YES;
				CLANG_WARN_INFINITE_RECURSION = YES;
				CLANG_WARN_INT_CONVERSION = YES;
				CLANG_WARN_NON_LITERAL_NULL_CONVERSION = YES;
				CLANG_WARN_OBJC_IMPLICIT_RETAIN_SELF = YES;
				CLANG_WARN_OBJC_LITERAL_CONVERSION = YES;
				CLANG_WARN_OBJC_ROOT_CLASS = YES_ERROR;
				CLANG_WARN_QUOTED_INCLUDE_IN_FRAMEWORK_HEADER = YES;
				CLANG_WARN_RANGE_LOOP_ANALYSIS = YES;
				CLANG_WARN_STRICT_PROTOTYPES = YES;
				CLANG_WARN_SUSPICIOUS_MOVE = YES;
				CLANG_WARN_UNGUARDED_AVAILABILITY = YES_AGGRESSIVE;
				CLANG_WARN_UNREACHABLE_CODE = YES;
				CLANG_WARN__DUPLICATE_METHOD_MATCH = YES;
				COPY_PHASE_STRIP = NO;
				DEBUG_INFORMATION_FORMAT = dwarf;
				ENABLE_STRICT_OBJC_MSGSEND = YES;
				ENABLE_TESTABILITY = YES;
				ENABLE_USER_SCRIPT_SANDBOXING = YES;
				GCC_C_LANGUAGE_STANDARD = gnu17;
				GCC_DYNAMIC_NO_PIC = NO;
				GCC_NO_COMMON_BLOCKS = YES;
				GCC_OPTIMIZATION_LEVEL = 0;
				GCC_PREPROCESSOR_DEFINITIONS = (
					"DEBUG=1",
					"$(inherited)",
				);
				GCC_WARN_64_TO_32_BIT_CONVERSION = YES;
				GCC_WARN_ABOUT_RETURN_TYPE = YES_ERROR;
				GCC_WARN_UNDECLARED_SELECTOR = YES;
				GCC_WARN_UNINITIALIZED_AUTOS = YES_AGGRESSIVE;
				GCC_WARN_UNUSED_FUNCTION = YES;
				GCC_WARN_UNUSED_VARIABLE = YES;
				LOCALIZATION_PREFERS_STRING_CATALOGS = YES;
				MACOSX_DEPLOYMENT_TARGET = 14.0;
				MTL_ENABLE_DEBUG_INFO = INCLUDE_SOURCE;
				MTL_FAST_MATH = YES;
				ONLY_ACTIVE_ARCH = YES;
				SDKROOT = macosx;
				SWIFT_ACTIVE_COMPILATION_CONDITIONS = "DEBUG $(inherited)";
				SWIFT_OPTIMIZATION_LEVEL = "-Onone";
			};
			name = Debug;
		};
		49FCCCA82AE023E100FF8E3D /* Release */ = {
			isa = XCBuildConfiguration;
			buildSettings = {
				ALWAYS_SEARCH_USER_PATHS = NO;
				ASSETCATALOG_COMPILER_GENERATE_SWIFT_ASSET_SYMBOL_EXTENSIONS = YES;
				CLANG_ANALYZER_NONNULL = YES;
				CLANG_ANALYZER_NUMBER_OBJECT_CONVERSION = YES_AGGRESSIVE;
				CLANG_CXX_LANGUAGE_STANDARD = "gnu++20";
				CLANG_ENABLE_MODULES = YES;
				CLANG_ENABLE_OBJC_ARC = YES;
				CLANG_ENABLE_OBJC_WEAK = YES;
				CLANG_WARN_BLOCK_CAPTURE_AUTORELEASING = YES;
				CLANG_WARN_BOOL_CONVERSION = YES;
				CLANG_WARN_COMMA = YES;
				CLANG_WARN_CONSTANT_CONVERSION = YES;
				CLANG_WARN_DEPRECATED_OBJC_IMPLEMENTATIONS = YES;
				CLANG_WARN_DIRECT_OBJC_ISA_USAGE = YES_ERROR;
				CLANG_WARN_DOCUMENTATION_COMMENTS = YES;
				CLANG_WARN_EMPTY_BODY = YES;
				CLANG_WARN_ENUM_CONVERSION = YES;
				CLANG_WARN_INFINITE_RECURSION = YES;
				CLANG_WARN_INT_CONVERSION = YES;
				CLANG_WARN_NON_LITERAL_NULL_CONVERSION = YES;
				CLANG_WARN_OBJC_IMPLICIT_RETAIN_SELF = YES;
				CLANG_WARN_OBJC_LITERAL_CONVERSION = YES;
				CLANG_WARN_OBJC_ROOT_CLASS = YES_ERROR;
				CLANG_WARN_QUOTED_INCLUDE_IN_FRAMEWORK_HEADER = YES;
				CLANG_WARN_RANGE_LOOP_ANALYSIS = YES;
				CLANG_WARN_STRICT_PROTOTYPES = YES;
				CLANG_WARN_SUSPICIOUS_MOVE = YES;
				CLANG_WARN_UNGUARDED_AVAILABILITY = YES_AGGRESSIVE;
				CLANG_WARN_UNREACHABLE_CODE = YES;
				CLANG_WARN__DUPLICATE_METHOD_MATCH = YES;
				COPY_PHASE_STRIP = NO;
				DEBUG_INFORMATION_FORMAT = "dwarf-with-dsym";
				ENABLE_NS_ASSERTIONS = NO;
				ENABLE_STRICT_OBJC_MSGSEND = YES;
				ENABLE_USER_SCRIPT_SANDBOXING = YES;
				GCC_C_LANGUAGE_STANDARD = gnu17;
				GCC_NO_COMMON_BLOCKS = YES;
				GCC_WARN_64_TO_32_BIT_CONVERSION = YES;
				GCC_WARN_ABOUT_RETURN_TYPE = YES_ERROR;
				GCC_WARN_UNDECLARED_SELECTOR = YES;
				GCC_WARN_UNINITIALIZED_AUTOS = YES_AGGRESSIVE;
				GCC_WARN_UNUSED_FUNCTION = YES;
				GCC_WARN_UNUSED_VARIABLE = YES;
				LOCALIZATION_PREFERS_STRING_CATALOGS = YES;
				MACOSX_DEPLOYMENT_TARGET = 14.0;
				MTL_ENABLE_DEBUG_INFO = NO;
				MTL_FAST_MATH = YES;
				SDKROOT = macosx;
				SWIFT_COMPILATION_MODE = wholemodule;
			};
			name = Release;
		};
		49FCCCAA2AE023E100FF8E3D /* Debug */ = {
			isa = XCBuildConfiguration;
			buildSettings = {
				ASSETCATALOG_COMPILER_APPICON_NAME = AppIcon;
				ASSETCATALOG_COMPILER_GLOBAL_ACCENT_COLOR_NAME = AccentColor;
				CODE_SIGN_ENTITLEMENTS = SoftwareDevelopHomework/SoftwareDevelopHomework.entitlements;
				CODE_SIGN_STYLE = Automatic;
				COMBINE_HIDPI_IMAGES = YES;
				CURRENT_PROJECT_VERSION = 1;
				DEVELOPMENT_ASSET_PATHS = "\"SoftwareDevelopHomework/Preview Content\"";
				DEVELOPMENT_TEAM = MYB5299FCX;
				ENABLE_HARDENED_RUNTIME = YES;
				ENABLE_PREVIEWS = YES;
				GENERATE_INFOPLIST_FILE = YES;
				INFOPLIST_KEY_NSHumanReadableCopyright = "";
				LD_RUNPATH_SEARCH_PATHS = (
					"$(inherited)",
					"@executable_path/../Frameworks",
				);
				MARKETING_VERSION = 1.0;
				PRODUCT_BUNDLE_IDENTIFIER = com.wttch.SoftwareDevelopHomework;
				PRODUCT_NAME = "$(TARGET_NAME)";
				SWIFT_EMIT_LOC_STRINGS = YES;
				SWIFT_VERSION = 5.0;
			};
			name = Debug;
		};
		49FCCCAB2AE023E100FF8E3D /* Release */ = {
			isa = XCBuildConfiguration;
			buildSettings = {
				ASSETCATALOG_COMPILER_APPICON_NAME = AppIcon;
				ASSETCATALOG_COMPILER_GLOBAL_ACCENT_COLOR_NAME = AccentColor;
				CODE_SIGN_ENTITLEMENTS = SoftwareDevelopHomework/SoftwareDevelopHomework.entitlements;
				CODE_SIGN_STYLE = Automatic;
				COMBINE_HIDPI_IMAGES = YES;
				CURRENT_PROJECT_VERSION = 1;
				DEVELOPMENT_ASSET_PATHS = "\"SoftwareDevelopHomework/Preview Content\"";
				DEVELOPMENT_TEAM = MYB5299FCX;
				ENABLE_HARDENED_RUNTIME = YES;
				ENABLE_PREVIEWS = YES;
				GENERATE_INFOPLIST_FILE = YES;
				INFOPLIST_KEY_NSHumanReadableCopyright = "";
				LD_RUNPATH_SEARCH_PATHS = (
					"$(inherited)",
					"@executable_path/../Frameworks",
				);
				MARKETING_VERSION = 1.0;
				PRODUCT_BUNDLE_IDENTIFIER = com.wttch.SoftwareDevelopHomework;
				PRODUCT_NAME = "$(TARGET_NAME)";
				SWIFT_EMIT_LOC_STRINGS = YES;
				SWIFT_VERSION = 5.0;
			};
			name = Release;
		};
		49FCCCAD2AE023E100FF8E3D /* Debug */ = {
			isa = XCBuildConfiguration;
			buildSettings = {
				ALWAYS_EMBED_SWIFT_STANDARD_LIBRARIES = YES;
				BUNDLE_LOADER = "$(TEST_HOST)";
				CODE_SIGN_STYLE = Automatic;
				CURRENT_PROJECT_VERSION = 1;
				DEVELOPMENT_TEAM = MYB5299FCX;
				GENERATE_INFOPLIST_FILE = YES;
				MACOSX_DEPLOYMENT_TARGET = 14.0;
				MARKETING_VERSION = 1.0;
				PRODUCT_BUNDLE_IDENTIFIER = com.wttch.SoftwareDevelopHomeworkTests;
				PRODUCT_NAME = "$(TARGET_NAME)";
				SWIFT_EMIT_LOC_STRINGS = NO;
				SWIFT_VERSION = 5.0;
				TEST_HOST = "$(BUILT_PRODUCTS_DIR)/SoftwareDevelopHomework.app/$(BUNDLE_EXECUTABLE_FOLDER_PATH)/SoftwareDevelopHomework";
			};
			name = Debug;
		};
		49FCCCAE2AE023E100FF8E3D /* Release */ = {
			isa = XCBuildConfiguration;
			buildSettings = {
				ALWAYS_EMBED_SWIFT_STANDARD_LIBRARIES = YES;
				BUNDLE_LOADER = "$(TEST_HOST)";
				CODE_SIGN_STYLE = Automatic;
				CURRENT_PROJECT_VERSION = 1;
				DEVELOPMENT_TEAM = MYB5299FCX;
				GENERATE_INFOPLIST_FILE = YES;
				MACOSX_DEPLOYMENT_TARGET = 14.0;
				MARKETING_VERSION = 1.0;
				PRODUCT_BUNDLE_IDENTIFIER = com.wttch.SoftwareDevelopHomeworkTests;
				PRODUCT_NAME = "$(TARGET_NAME)";
				SWIFT_EMIT_LOC_STRINGS = NO;
				SWIFT_VERSION = 5.0;
				TEST_HOST = "$(BUILT_PRODUCTS_DIR)/SoftwareDevelopHomework.app/$(BUNDLE_EXECUTABLE_FOLDER_PATH)/SoftwareDevelopHomework";
			};
			name = Release;
		};
		49FCCCB02AE023E100FF8E3D /* Debug */ = {
			isa = XCBuildConfiguration;
			buildSettings = {
				ALWAYS_EMBED_SWIFT_STANDARD_LIBRARIES = YES;
				CODE_SIGN_STYLE = Automatic;
				CURRENT_PROJECT_VERSION = 1;
				DEVELOPMENT_TEAM = MYB5299FCX;
				GENERATE_INFOPLIST_FILE = YES;
				MARKETING_VERSION = 1.0;
				PRODUCT_BUNDLE_IDENTIFIER = com.wttch.SoftwareDevelopHomeworkUITests;
				PRODUCT_NAME = "$(TARGET_NAME)";
				SWIFT_EMIT_LOC_STRINGS = NO;
				SWIFT_VERSION = 5.0;
				TEST_TARGET_NAME = SoftwareDevelopHomework;
			};
			name = Debug;
		};
		49FCCCB12AE023E100FF8E3D /* Release */ = {
			isa = XCBuildConfiguration;
			buildSettings = {
				ALWAYS_EMBED_SWIFT_STANDARD_LIBRARIES = YES;
				CODE_SIGN_STYLE = Automatic;
				CURRENT_PROJECT_VERSION = 1;
				DEVELOPMENT_TEAM = MYB5299FCX;
				GENERATE_INFOPLIST_FILE = YES;
				MARKETING_VERSION = 1.0;
				PRODUCT_BUNDLE_IDENTIFIER = com.wttch.SoftwareDevelopHomeworkUITests;
				PRODUCT_NAME = "$(TARGET_NAME)";
				SWIFT_EMIT_LOC_STRINGS = NO;
				SWIFT_VERSION = 5.0;
				TEST_TARGET_NAME = SoftwareDevelopHomework;
			};
			name = Release;
		};
/* End XCBuildConfiguration section */

/* Begin XCConfigurationList section */
		49FCCC7F2AE023DF00FF8E3D /* Build configuration list for PBXProject "SoftwareDevelopHomework" */ = {
			isa = XCConfigurationList;
			buildConfigurations = (
				49FCCCA72AE023E100FF8E3D /* Debug */,
				49FCCCA82AE023E100FF8E3D /* Release */,
			);
			defaultConfigurationIsVisible = 0;
			defaultConfigurationName = Release;
		};
		49FCCCA92AE023E100FF8E3D /* Build configuration list for PBXNativeTarget "SoftwareDevelopHomework" */ = {
			isa = XCConfigurationList;
			buildConfigurations = (
				49FCCCAA2AE023E100FF8E3D /* Debug */,
				49FCCCAB2AE023E100FF8E3D /* Release */,
			);
			defaultConfigurationIsVisible = 0;
			defaultConfigurationName = Release;
		};
		49FCCCAC2AE023E100FF8E3D /* Build configuration list for PBXNativeTarget "SoftwareDevelopHomeworkTests" */ = {
			isa = XCConfigurationList;
			buildConfigurations = (
				49FCCCAD2AE023E100FF8E3D /* Debug */,
				49FCCCAE2AE023E100FF8E3D /* Release */,
			);
			defaultConfigurationIsVisible = 0;
			defaultConfigurationName = Release;
		};
		49FCCCAF2AE023E100FF8E3D /* Build configuration list for PBXNativeTarget "SoftwareDevelopHomeworkUITests" */ = {
			isa = XCConfigurationList;
			buildConfigurations = (
				49FCCCB02AE023E100FF8E3D /* Debug */,
				49FCCCB12AE023E100FF8E3D /* Release */,
			);
			defaultConfigurationIsVisible = 0;
			defaultConfigurationName = Release;
		};
/* End XCConfigurationList section */
	};
	rootObject = 49FCCC7C2AE023DF00FF8E3D /* Project object */;
}
